
Microsoft Visual Studio Solution File, Format Version 12.00
# Visual Studio Version 17
VisualStudioVersion = 17.12.35323.107
MinimumVisualStudioVersion = 10.0.40219.1
Project("{FAE04EC0-301F-11D3-BF4B-00C04F79EFBC}") = "WikipediaDumpProcessor", "WikipediaDumpProcessor\WikipediaDumpProcessor.csproj", "{F77D7AF6-1BAF-4D16-9FFA-7F0F6B4B4450}"
EndProject
Project("{2150E333-8FDC-42A3-9474-1A3956D46DE8}") = "Solution Items", "Solution Items", "{0BBD0075-8B8F-4D6B-BDFE-7EE0DD21716D}"
	ProjectSection(SolutionItems) = preProject
		node\convert.js = node\convert.js
		python\topic_embed.py = python\topic_embed.py
	EndProjectSection
EndProject
Project("{FAE04EC0-301F-11D3-BF4B-00C04F79EFBC}") = "WikipediaDumpProcessor.Packer", "WikipediaDumpProcessor.Packer\WikipediaDumpProcessor.Packer.csproj", "{52B7E4A2-031E-4302-BC6A-461CDEC514B8}"
EndProject
Project("{FAE04EC0-301F-11D3-BF4B-00C04F79EFBC}") = "WikipediaDumpProcessor.Common", "WikipediaDumpProcessor.Common\WikipediaDumpProcessor.Common.csproj", "{6080975C-5C8B-47C8-A220-43CA347CA7E4}"
EndProject
Project("{FAE04EC0-301F-11D3-BF4B-00C04F79EFBC}") = "WikipediaDumpProcessor.Classifier", "WikipediaDumpProcessor.Classifier\WikipediaDumpProcessor.Classifier.csproj", "{08A9796C-5EBF-45A5-A51B-12A8D3D331C3}"
EndProject
Global
	GlobalSection(SolutionConfigurationPlatforms) = preSolution
		Debug|Any CPU = Debug|Any CPU
		Release|Any CPU = Release|Any CPU
	EndGlobalSection
	GlobalSection(ProjectConfigurationPlatforms) = postSolution
		{F77D7AF6-1BAF-4D16-9FFA-7F0F6B4B4450}.Debug|Any CPU.ActiveCfg = Debug|Any CPU
		{F77D7AF6-1BAF-4D16-9FFA-7F0F6B4B4450}.Debug|Any CPU.Build.0 = Debug|Any CPU
		{F77D7AF6-1BAF-4D16-9FFA-7F0F6B4B4450}.Release|Any CPU.ActiveCfg = Release|Any CPU
		{F77D7AF6-1BAF-4D16-9FFA-7F0F6B4B4450}.Release|Any CPU.Build.0 = Release|Any CPU
		{52B7E4A2-031E-4302-BC6A-461CDEC514B8}.Debug|Any CPU.ActiveCfg = Debug|Any CPU
		{52B7E4A2-031E-4302-BC6A-461CDEC514B8}.Debug|Any CPU.Build.0 = Debug|Any CPU
		{52B7E4A2-031E-4302-BC6A-461CDEC514B8}.Release|Any CPU.ActiveCfg = Release|Any CPU
		{52B7E4A2-031E-4302-BC6A-461CDEC514B8}.Release|Any CPU.Build.0 = Release|Any CPU
		{6080975C-5C8B-47C8-A220-43CA347CA7E4}.Debug|Any CPU.ActiveCfg = Debug|Any CPU
		{6080975C-5C8B-47C8-A220-43CA347CA7E4}.Debug|Any CPU.Build.0 = Debug|Any CPU
		{6080975C-5C8B-47C8-A220-43CA347CA7E4}.Release|Any CPU.ActiveCfg = Release|Any CPU
		{6080975C-5C8B-47C8-A220-43CA347CA7E4}.Release|Any CPU.Build.0 = Release|Any CPU
		{08A9796C-5EBF-45A5-A51B-12A8D3D331C3}.Debug|Any CPU.ActiveCfg = Debug|Any CPU
		{08A9796C-5EBF-45A5-A51B-12A8D3D331C3}.Debug|Any CPU.Build.0 = Debug|Any CPU
		{08A9796C-5EBF-45A5-A51B-12A8D3D331C3}.Release|Any CPU.ActiveCfg = Release|Any CPU
		{08A9796C-5EBF-45A5-A51B-12A8D3D331C3}.Release|Any CPU.Build.0 = Release|Any CPU
	EndGlobalSection
	GlobalSection(SolutionProperties) = preSolution
		HideSolutionNode = FALSE
	EndGlobalSection
	GlobalSection(ExtensibilityGlobals) = postSolution
		SolutionGuid = {2296249D-7CCE-4111-9567-1B9F4290608C}
	EndGlobalSection
EndGlobal
